
Microsoft Visual Studio Solution File, Format Version 12.00
# Visual Studio 2013
VisualStudioVersion = 12.0.21005.1
MinimumVisualStudioVersion = 10.0.40219.1
Project("{FAE04EC0-301F-11D3-BF4B-00C04F79EFBC}") = "Succubus.Core", "Succubus.Core\Succubus.Core.csproj", "{F7EFB776-3BF5-41F6-9ED2-0F92E38DA4AC}"
EndProject
Project("{FAE04EC0-301F-11D3-BF4B-00C04F79EFBC}") = "Succubus.Hosting", "Succubus.Hosting\Succubus.Hosting.csproj", "{2D20BCB6-5201-4ED4-8848-D1AE2FAEE2C0}"
EndProject
Project("{2150E333-8FDC-42A3-9474-1A3956D46DE8}") = ".nuget", ".nuget", "{3D28DD33-9215-489B-B8C1-0F5240B75A8A}"
	ProjectSection(SolutionItems) = preProject
		.nuget\NuGet.Config = .nuget\NuGet.Config
		.nuget\NuGet.exe = .nuget\NuGet.exe
		.nuget\NuGet.targets = .nuget\NuGet.targets
	EndProjectSection
EndProject
Project("{FAE04EC0-301F-11D3-BF4B-00C04F79EFBC}") = "Succubus.Collections", "Succubus.Collections\Succubus.Collections.csproj", "{41F9DD77-1C6B-4268-8623-4F73ACB3EDCA}"
EndProject
Project("{2150E333-8FDC-42A3-9474-1A3956D46DE8}") = "Tests", "Tests", "{B04A49CA-1098-4C2A-98DF-A1CA29B2C93F}"
EndProject
Project("{FAE04EC0-301F-11D3-BF4B-00C04F79EFBC}") = "Succubus.Collections.Tests", "Tests\Succubus.Tests.Collections\Succubus.Collections.Tests.csproj", "{FE3AEB80-CF59-4C05-8E99-3EFC39E7C928}"
EndProject
Project("{FAE04EC0-301F-11D3-BF4B-00C04F79EFBC}") = "Succubus.Bus.Tests", "Tests\Succubus.Bus.Tests\Succubus.Bus.Tests.csproj", "{42C12367-216B-455F-82E3-FAB7AF5E429E}"
EndProject
Project("{FAE04EC0-301F-11D3-BF4B-00C04F79EFBC}") = "Succubus.EventStore", "Succubus.EventStore\Succubus.EventStore.csproj", "{8BBAE0C1-60FC-4AA3-8CA4-4EF200FD8E28}"
EndProject
Global
	GlobalSection(SolutionConfigurationPlatforms) = preSolution
		Debug|Any CPU = Debug|Any CPU
		Release|Any CPU = Release|Any CPU
	EndGlobalSection
	GlobalSection(ProjectConfigurationPlatforms) = postSolution
		{F7EFB776-3BF5-41F6-9ED2-0F92E38DA4AC}.Debug|Any CPU.ActiveCfg = Debug|Any CPU
		{F7EFB776-3BF5-41F6-9ED2-0F92E38DA4AC}.Debug|Any CPU.Build.0 = Debug|Any CPU
		{F7EFB776-3BF5-41F6-9ED2-0F92E38DA4AC}.Release|Any CPU.ActiveCfg = Release|Any CPU
		{F7EFB776-3BF5-41F6-9ED2-0F92E38DA4AC}.Release|Any CPU.Build.0 = Release|Any CPU
		{2D20BCB6-5201-4ED4-8848-D1AE2FAEE2C0}.Debug|Any CPU.ActiveCfg = Debug|Any CPU
		{2D20BCB6-5201-4ED4-8848-D1AE2FAEE2C0}.Debug|Any CPU.Build.0 = Debug|Any CPU
		{2D20BCB6-5201-4ED4-8848-D1AE2FAEE2C0}.Release|Any CPU.ActiveCfg = Release|Any CPU
		{2D20BCB6-5201-4ED4-8848-D1AE2FAEE2C0}.Release|Any CPU.Build.0 = Release|Any CPU
		{41F9DD77-1C6B-4268-8623-4F73ACB3EDCA}.Debug|Any CPU.ActiveCfg = Debug|Any CPU
		{41F9DD77-1C6B-4268-8623-4F73ACB3EDCA}.Debug|Any CPU.Build.0 = Debug|Any CPU
		{41F9DD77-1C6B-4268-8623-4F73ACB3EDCA}.Release|Any CPU.ActiveCfg = Release|Any CPU
		{41F9DD77-1C6B-4268-8623-4F73ACB3EDCA}.Release|Any CPU.Build.0 = Release|Any CPU
		{FE3AEB80-CF59-4C05-8E99-3EFC39E7C928}.Debug|Any CPU.ActiveCfg = Debug|Any CPU
		{FE3AEB80-CF59-4C05-8E99-3EFC39E7C928}.Debug|Any CPU.Build.0 = Debug|Any CPU
		{FE3AEB80-CF59-4C05-8E99-3EFC39E7C928}.Release|Any CPU.ActiveCfg = Release|Any CPU
		{FE3AEB80-CF59-4C05-8E99-3EFC39E7C928}.Release|Any CPU.Build.0 = Release|Any CPU
		{42C12367-216B-455F-82E3-FAB7AF5E429E}.Debug|Any CPU.ActiveCfg = Debug|Any CPU
		{42C12367-216B-455F-82E3-FAB7AF5E429E}.Debug|Any CPU.Build.0 = Debug|Any CPU
		{42C12367-216B-455F-82E3-FAB7AF5E429E}.Release|Any CPU.ActiveCfg = Release|Any CPU
		{42C12367-216B-455F-82E3-FAB7AF5E429E}.Release|Any CPU.Build.0 = Release|Any CPU
		{8BBAE0C1-60FC-4AA3-8CA4-4EF200FD8E28}.Debug|Any CPU.ActiveCfg = Debug|Any CPU
		{8BBAE0C1-60FC-4AA3-8CA4-4EF200FD8E28}.Debug|Any CPU.Build.0 = Debug|Any CPU
		{8BBAE0C1-60FC-4AA3-8CA4-4EF200FD8E28}.Release|Any CPU.ActiveCfg = Release|Any CPU
		{8BBAE0C1-60FC-4AA3-8CA4-4EF200FD8E28}.Release|Any CPU.Build.0 = Release|Any CPU
	EndGlobalSection
	GlobalSection(SolutionProperties) = preSolution
		HideSolutionNode = FALSE
	EndGlobalSection
	GlobalSection(NestedProjects) = preSolution
		{FE3AEB80-CF59-4C05-8E99-3EFC39E7C928} = {B04A49CA-1098-4C2A-98DF-A1CA29B2C93F}
		{42C12367-216B-455F-82E3-FAB7AF5E429E} = {B04A49CA-1098-4C2A-98DF-A1CA29B2C93F}
	EndGlobalSection
EndGlobal
